// !$*UTF8*$!
{
	archiveVersion = 1;
	classes = {
	};
	objectVersion = 55;
	objects = {

/* Begin PBXBuildFile section */
		0E6C5A0E28BD505800B229FB /* AppDelegate.swift in Sources */ = {isa = PBXBuildFile; fileRef = 0E6C5A0D28BD505800B229FB /* AppDelegate.swift */; };
		0E6C5A1028BD505800B229FB /* SceneDelegate.swift in Sources */ = {isa = PBXBuildFile; fileRef = 0E6C5A0F28BD505800B229FB /* SceneDelegate.swift */; };
		0E6C5A1228BD505800B229FB /* ViewController.swift in Sources */ = {isa = PBXBuildFile; fileRef = 0E6C5A1128BD505800B229FB /* ViewController.swift */; };
		0E6C5A1528BD505800B229FB /* Main.storyboard in Resources */ = {isa = PBXBuildFile; fileRef = 0E6C5A1328BD505800B229FB /* Main.storyboard */; };
		0E6C5A1728BD505E00B229FB /* Assets.xcassets in Resources */ = {isa = PBXBuildFile; fileRef = 0E6C5A1628BD505E00B229FB /* Assets.xcassets */; };
		0E6C5A1A28BD505E00B229FB /* LaunchScreen.storyboard in Resources */ = {isa = PBXBuildFile; fileRef = 0E6C5A1828BD505E00B229FB /* LaunchScreen.storyboard */; };
		0E6C5A2528BD505E00B229FB /* preworkTests.swift in Sources */ = {isa = PBXBuildFile; fileRef = 0E6C5A2428BD505E00B229FB /* preworkTests.swift */; };
		0E6C5A2F28BD505F00B229FB /* preworkUITests.swift in Sources */ = {isa = PBXBuildFile; fileRef = 0E6C5A2E28BD505F00B229FB /* preworkUITests.swift */; };
		0E6C5A3128BD505F00B229FB /* preworkUITestsLaunchTests.swift in Sources */ = {isa = PBXBuildFile; fileRef = 0E6C5A3028BD505F00B229FB /* preworkUITestsLaunchTests.swift */; };
/* End PBXBuildFile section */

/* Begin PBXContainerItemProxy section */
		0E6C5A2128BD505E00B229FB /* PBXContainerItemProxy */ = {
			isa = PBXContainerItemProxy;
			containerPortal = 0E6C5A0228BD505800B229FB /* Project object */;
			proxyType = 1;
			remoteGlobalIDString = 0E6C5A0928BD505800B229FB;
			remoteInfo = prework;
		};
		0E6C5A2B28BD505F00B229FB /* PBXContainerItemProxy */ = {
			isa = PBXContainerItemProxy;
			containerPortal = 0E6C5A0228BD505800B229FB /* Project object */;
			proxyType = 1;
			remoteGlobalIDString = 0E6C5A0928BD505800B229FB;
			remoteInfo = prework;
		};
/* End PBXContainerItemProxy section */

/* Begin PBXFileReference section */
		0E6C5A0A28BD505800B229FB /* prework.app */ = {isa = PBXFileReference; explicitFileType = wrapper.application; includeInIndex = 0; path = prework.app; sourceTree = BUILT_PRODUCTS_DIR; };
		0E6C5A0D28BD505800B229FB /* AppDelegate.swift */ = {isa = PBXFileReference; lastKnownFileType = sourcecode.swift; path = AppDelegate.swift; sourceTree = "<group>"; };
		0E6C5A0F28BD505800B229FB /* SceneDelegate.swift */ = {isa = PBXFileReference; lastKnownFileType = sourcecode.swift; path = SceneDelegate.swift; sourceTree = "<group>"; };
		0E6C5A1128BD505800B229FB /* ViewController.swift */ = {isa = PBXFileReference; lastKnownFileType = sourcecode.swift; path = ViewController.swift; sourceTree = "<group>"; };
		0E6C5A1428BD505800B229FB /* Base */ = {isa = PBXFileReference; lastKnownFileType = file.storyboard; name = Base; path = Base.lproj/Main.storyboard; sourceTree = "<group>"; };
		0E6C5A1628BD505E00B229FB /* Assets.xcassets */ = {isa = PBXFileReference; lastKnownFileType = folder.assetcatalog; path = Assets.xcassets; sourceTree = "<group>"; };
		0E6C5A1928BD505E00B229FB /* Base */ = {isa = PBXFileReference; lastKnownFileType = file.storyboard; name = Base; path = Base.lproj/LaunchScreen.storyboard; sourceTree = "<group>"; };
		0E6C5A1B28BD505E00B229FB /* Info.plist */ = {isa = PBXFileReference; lastKnownFileType = text.plist.xml; path = Info.plist; sourceTree = "<group>"; };
		0E6C5A2028BD505E00B229FB /* preworkTests.xctest */ = {isa = PBXFileReference; explicitFileType = wrapper.cfbundle; includeInIndex = 0; path = preworkTests.xctest; sourceTree = BUILT_PRODUCTS_DIR; };
		0E6C5A2428BD505E00B229FB /* preworkTests.swift */ = {isa = PBXFileReference; lastKnownFileType = sourcecode.swift; path = preworkTests.swift; sourceTree = "<group>"; };
		0E6C5A2A28BD505F00B229FB /* preworkUITests.xctest */ = {isa = PBXFileReference; explicitFileType = wrapper.cfbundle; includeInIndex = 0; path = preworkUITests.xctest; sourceTree = BUILT_PRODUCTS_DIR; };
		0E6C5A2E28BD505F00B229FB /* preworkUITests.swift */ = {isa = PBXFileReference; lastKnownFileType = sourcecode.swift; path = preworkUITests.swift; sourceTree = "<group>"; };
		0E6C5A3028BD505F00B229FB /* preworkUITestsLaunchTests.swift */ = {isa = PBXFileReference; lastKnownFileType = sourcecode.swift; path = preworkUITestsLaunchTests.swift; sourceTree = "<group>"; };
/* End PBXFileReference section */

/* Begin PBXFrameworksBuildPhase section */
		0E6C5A0728BD505800B229FB /* Frameworks */ = {
			isa = PBXFrameworksBuildPhase;
			buildActionMask = 2147483647;
			files = (
			);
			runOnlyForDeploymentPostprocessing = 0;
		};
		0E6C5A1D28BD505E00B229FB /* Frameworks */ = {
			isa = PBXFrameworksBuildPhase;
			buildActionMask = 2147483647;
			files = (
			);
			runOnlyForDeploymentPostprocessing = 0;
		};
		0E6C5A2728BD505F00B229FB /* Frameworks */ = {
			isa = PBXFrameworksBuildPhase;
			buildActionMask = 2147483647;
			files = (
			);
			runOnlyForDeploymentPostprocessing = 0;
		};
/* End PBXFrameworksBuildPhase section */

/* Begin PBXGroup section */
		0E6C5A0128BD505800B229FB = {
			isa = PBXGroup;
			children = (
				0E6C5A0C28BD505800B229FB /* prework */,
				0E6C5A2328BD505E00B229FB /* preworkTests */,
				0E6C5A2D28BD505F00B229FB /* preworkUITests */,
				0E6C5A0B28BD505800B229FB /* Products */,
			);
			sourceTree = "<group>";
		};
		0E6C5A0B28BD505800B229FB /* Products */ = {
			isa = PBXGroup;
			children = (
				0E6C5A0A28BD505800B229FB /* prework.app */,
				0E6C5A2028BD505E00B229FB /* preworkTests.xctest */,
				0E6C5A2A28BD505F00B229FB /* preworkUITests.xctest */,
			);
			name = Products;
			sourceTree = "<group>";
		};
		0E6C5A0C28BD505800B229FB /* prework */ = {
			isa = PBXGroup;
			children = (
				0E6C5A0D28BD505800B229FB /* AppDelegate.swift */,
				0E6C5A0F28BD505800B229FB /* SceneDelegate.swift */,
				0E6C5A1128BD505800B229FB /* ViewController.swift */,
				0E6C5A1328BD505800B229FB /* Main.storyboard */,
				0E6C5A1628BD505E00B229FB /* Assets.xcassets */,
				0E6C5A1828BD505E00B229FB /* LaunchScreen.storyboard */,
				0E6C5A1B28BD505E00B229FB /* Info.plist */,
			);
			path = prework;
			sourceTree = "<group>";
		};
		0E6C5A2328BD505E00B229FB /* preworkTests */ = {
			isa = PBXGroup;
			children = (
				0E6C5A2428BD505E00B229FB /* preworkTests.swift */,
			);
			path = preworkTests;
			sourceTree = "<group>";
		};
		0E6C5A2D28BD505F00B229FB /* preworkUITests */ = {
			isa = PBXGroup;
			children = (
				0E6C5A2E28BD505F00B229FB /* preworkUITests.swift */,
				0E6C5A3028BD505F00B229FB /* preworkUITestsLaunchTests.swift */,
			);
			path = preworkUITests;
			sourceTree = "<group>";
		};
/* End PBXGroup section */

/* Begin PBXNativeTarget section */
		0E6C5A0928BD505800B229FB /* prework */ = {
			isa = PBXNativeTarget;
			buildConfigurationList = 0E6C5A3428BD505F00B229FB /* Build configuration list for PBXNativeTarget "prework" */;
			buildPhases = (
				0E6C5A0628BD505800B229FB /* Sources */,
				0E6C5A0728BD505800B229FB /* Frameworks */,
				0E6C5A0828BD505800B229FB /* Resources */,
			);
			buildRules = (
			);
			dependencies = (
			);
			name = prework;
			productName = prework;
			productReference = 0E6C5A0A28BD505800B229FB /* prework.app */;
			productType = "com.apple.product-type.application";
		};
		0E6C5A1F28BD505E00B229FB /* preworkTests */ = {
			isa = PBXNativeTarget;
			buildConfigurationList = 0E6C5A3728BD505F00B229FB /* Build configuration list for PBXNativeTarget "preworkTests" */;
			buildPhases = (
				0E6C5A1C28BD505E00B229FB /* Sources */,
				0E6C5A1D28BD505E00B229FB /* Frameworks */,
				0E6C5A1E28BD505E00B229FB /* Resources */,
			);
			buildRules = (
			);
			dependencies = (
				0E6C5A2228BD505E00B229FB /* PBXTargetDependency */,
			);
			name = preworkTests;
			productName = preworkTests;
			productReference = 0E6C5A2028BD505E00B229FB /* preworkTests.xctest */;
			productType = "com.apple.product-type.bundle.unit-test";
		};
		0E6C5A2928BD505F00B229FB /* preworkUITests */ = {
			isa = PBXNativeTarget;
			buildConfigurationList = 0E6C5A3A28BD505F00B229FB /* Build configuration list for PBXNativeTarget "preworkUITests" */;
			buildPhases = (
				0E6C5A2628BD505F00B229FB /* Sources */,
				0E6C5A2728BD505F00B229FB /* Frameworks */,
				0E6C5A2828BD505F00B229FB /* Resources */,
			);
			buildRules = (
			);
			dependencies = (
				0E6C5A2C28BD505F00B229FB /* PBXTargetDependency */,
			);
			name = preworkUITests;
			productName = preworkUITests;
			productReference = 0E6C5A2A28BD505F00B229FB /* preworkUITests.xctest */;
			productType = "com.apple.product-type.bundle.ui-testing";
		};
/* End PBXNativeTarget section */

/* Begin PBXProject section */
		0E6C5A0228BD505800B229FB /* Project object */ = {
			isa = PBXProject;
			attributes = {
				BuildIndependentTargetsInParallel = 1;
				LastSwiftUpdateCheck = 1340;
				LastUpgradeCheck = 1340;
				TargetAttributes = {
					0E6C5A0928BD505800B229FB = {
						CreatedOnToolsVersion = 13.4.1;
					};
					0E6C5A1F28BD505E00B229FB = {
						CreatedOnToolsVersion = 13.4.1;
						TestTargetID = 0E6C5A0928BD505800B229FB;
					};
					0E6C5A2928BD505F00B229FB = {
						CreatedOnToolsVersion = 13.4.1;
						TestTargetID = 0E6C5A0928BD505800B229FB;
					};
				};
			};
			buildConfigurationList = 0E6C5A0528BD505800B229FB /* Build configuration list for PBXProject "prework" */;
			compatibilityVersion = "Xcode 13.0";
			developmentRegion = en;
			hasScannedForEncodings = 0;
			knownRegions = (
				en,
				Base,
			);
			mainGroup = 0E6C5A0128BD505800B229FB;
			productRefGroup = 0E6C5A0B28BD505800B229FB /* Products */;
			projectDirPath = "";
			projectRoot = "";
			targets = (
				0E6C5A0928BD505800B229FB /* prework */,
				0E6C5A1F28BD505E00B229FB /* preworkTests */,
				0E6C5A2928BD505F00B229FB /* preworkUITests */,
			);
		};
/* End PBXProject section */

/* Begin PBXResourcesBuildPhase section */
		0E6C5A0828BD505800B229FB /* Resources */ = {
			isa = PBXResourcesBuildPhase;
			buildActionMask = 2147483647;
			files = (
				0E6C5A1A28BD505E00B229FB /* LaunchScreen.storyboard in Resources */,
				0E6C5A1728BD505E00B229FB /* Assets.xcassets in Resources */,
				0E6C5A1528BD505800B229FB /* Main.storyboard in Resources */,
			);
			runOnlyForDeploymentPostprocessing = 0;
		};
		0E6C5A1E28BD505E00B229FB /* Resources */ = {
			isa = PBXResourcesBuildPhase;
			buildActionMask = 2147483647;
			files = (
			);
			runOnlyForDeploymentPostprocessing = 0;
		};
		0E6C5A2828BD505F00B229FB /* Resources */ = {
			isa = PBXResourcesBuildPhase;
			buildActionMask = 2147483647;
			files = (
			);
			runOnlyForDeploymentPostprocessing = 0;
		};
/* End PBXResourcesBuildPhase section */

/* Begin PBXSourcesBuildPhase section */
		0E6C5A0628BD505800B229FB /* Sources */ = {
			isa = PBXSourcesBuildPhase;
			buildActionMask = 2147483647;
			files = (
				0E6C5A1228BD505800B229FB /* ViewController.swift in Sources */,
				0E6C5A0E28BD505800B229FB /* AppDelegate.swift in Sources */,
				0E6C5A1028BD505800B229FB /* SceneDelegate.swift in Sources */,
			);
			runOnlyForDeploymentPostprocessing = 0;
		};
		0E6C5A1C28BD505E00B229FB /* Sources */ = {
			isa = PBXSourcesBuildPhase;
			buildActionMask = 2147483647;
			files = (
				0E6C5A2528BD505E00B229FB /* preworkTests.swift in Sources */,
			);
			runOnlyForDeploymentPostprocessing = 0;
		};
		0E6C5A2628BD505F00B229FB /* Sources */ = {
			isa = PBXSourcesBuildPhase;
			buildActionMask = 2147483647;
			files = (
				0E6C5A2F28BD505F00B229FB /* preworkUITests.swift in Sources */,
				0E6C5A3128BD505F00B229FB /* preworkUITestsLaunchTests.swift in Sources */,
			);
			runOnlyForDeploymentPostprocessing = 0;
		};
/* End PBXSourcesBuildPhase section */

/* Begin PBXTargetDependency section */
		0E6C5A2228BD505E00B229FB /* PBXTargetDependency */ = {
			isa = PBXTargetDependency;
			target = 0E6C5A0928BD505800B229FB /* prework */;
			targetProxy = 0E6C5A2128BD505E00B229FB /* PBXContainerItemProxy */;
		};
		0E6C5A2C28BD505F00B229FB /* PBXTargetDependency */ = {
			isa = PBXTargetDependency;
			target = 0E6C5A0928BD505800B229FB /* prework */;
			targetProxy = 0E6C5A2B28BD505F00B229FB /* PBXContainerItemProxy */;
		};
/* End PBXTargetDependency section */

/* Begin PBXVariantGroup section */
		0E6C5A1328BD505800B229FB /* Main.storyboard */ = {
			isa = PBXVariantGroup;
			children = (
				0E6C5A1428BD505800B229FB /* Base */,
			);
			name = Main.storyboard;
			sourceTree = "<group>";
		};
		0E6C5A1828BD505E00B229FB /* LaunchScreen.storyboard */ = {
			isa = PBXVariantGroup;
			children = (
				0E6C5A1928BD505E00B229FB /* Base */,
			);
			name = LaunchScreen.storyboard;
			sourceTree = "<group>";
		};
/* End PBXVariantGroup section */

/* Begin XCBuildConfiguration section */
		0E6C5A3228BD505F00B229FB /* Debug */ = {
			isa = XCBuildConfiguration;
			buildSettings = {
				ALWAYS_SEARCH_USER_PATHS = NO;
				CLANG_ANALYZER_NONNULL = YES;
				CLANG_ANALYZER_NUMBER_OBJECT_CONVERSION = YES_AGGRESSIVE;
				CLANG_CXX_LANGUAGE_STANDARD = "gnu++17";
				CLANG_ENABLE_MODULES = YES;
				CLANG_ENABLE_OBJC_ARC = YES;
				CLANG_ENABLE_OBJC_WEAK = YES;
				CLANG_WARN_BLOCK_CAPTURE_AUTORELEASING = YES;
				CLANG_WARN_BOOL_CONVERSION = YES;
				CLANG_WARN_COMMA = YES;
				CLANG_WARN_CONSTANT_CONVERSION = YES;
				CLANG_WARN_DEPRECATED_OBJC_IMPLEMENTATIONS = YES;
				CLANG_WARN_DIRECT_OBJC_ISA_USAGE = YES_ERROR;
				CLANG_WARN_DOCUMENTATION_COMMENTS = YES;
				CLANG_WARN_EMPTY_BODY = YES;
				CLANG_WARN_ENUM_CONVERSION = YES;
				CLANG_WARN_INFINITE_RECURSION = YES;
				CLANG_WARN_INT_CONVERSION = YES;
				CLANG_WARN_NON_LITERAL_NULL_CONVERSION = YES;
				CLANG_WARN_OBJC_IMPLICIT_RETAIN_SELF = YES;
				CLANG_WARN_OBJC_LITERAL_CONVERSION = YES;
				CLANG_WARN_OBJC_ROOT_CLASS = YES_ERROR;
				CLANG_WARN_QUOTED_INCLUDE_IN_FRAMEWORK_HEADER = YES;
				CLANG_WARN_RANGE_LOOP_ANALYSIS = YES;
				CLANG_WARN_STRICT_PROTOTYPES = YES;
				CLANG_WARN_SUSPICIOUS_MOVE = YES;
				CLANG_WARN_UNGUARDED_AVAILABILITY = YES_AGGRESSIVE;
				CLANG_WARN_UNREACHABLE_CODE = YES;
				CLANG_WARN__DUPLICATE_METHOD_MATCH = YES;
				COPY_PHASE_STRIP = NO;
				DEBUG_INFORMATION_FORMAT = dwarf;
				ENABLE_STRICT_OBJC_MSGSEND = YES;
				ENABLE_TESTABILITY = YES;
				GCC_C_LANGUAGE_STANDARD = gnu11;
				GCC_DYNAMIC_NO_PIC = NO;
				GCC_NO_COMMON_BLOCKS = YES;
				GCC_OPTIMIZATION_LEVEL = 0;
				GCC_PREPROCESSOR_DEFINITIONS = (
					"DEBUG=1",
					"$(inherited)",
				);
				GCC_WARN_64_TO_32_BIT_CONVERSION = YES;
				GCC_WARN_ABOUT_RETURN_TYPE = YES_ERROR;
				GCC_WARN_UNDECLARED_SELECTOR = YES;
				GCC_WARN_UNINITIALIZED_AUTOS = YES_AGGRESSIVE;
				GCC_WARN_UNUSED_FUNCTION = YES;
				GCC_WARN_UNUSED_VARIABLE = YES;
				IPHONEOS_DEPLOYMENT_TARGET = 15.5;
				MTL_ENABLE_DEBUG_INFO = INCLUDE_SOURCE;
				MTL_FAST_MATH = YES;
				ONLY_ACTIVE_ARCH = YES;
				SDKROOT = iphoneos;
				SWIFT_ACTIVE_COMPILATION_CONDITIONS = DEBUG;
				SWIFT_OPTIMIZATION_LEVEL = "-Onone";
			};
			name = Debug;
		};
		0E6C5A3328BD505F00B229FB /* Release */ = {
			isa = XCBuildConfiguration;
			buildSettings = {
				ALWAYS_SEARCH_USER_PATHS = NO;
				CLANG_ANALYZER_NONNULL = YES;
				CLANG_ANALYZER_NUMBER_OBJECT_CONVERSION = YES_AGGRESSIVE;
				CLANG_CXX_LANGUAGE_STANDARD = "gnu++17";
				CLANG_ENABLE_MODULES = YES;
				CLANG_ENABLE_OBJC_ARC = YES;
				CLANG_ENABLE_OBJC_WEAK = YES;
				CLANG_WARN_BLOCK_CAPTURE_AUTORELEASING = YES;
				CLANG_WARN_BOOL_CONVERSION = YES;
				CLANG_WARN_COMMA = YES;
				CLANG_WARN_CONSTANT_CONVERSION = YES;
				CLANG_WARN_DEPRECATED_OBJC_IMPLEMENTATIONS = YES;
				CLANG_WARN_DIRECT_OBJC_ISA_USAGE = YES_ERROR;
				CLANG_WARN_DOCUMENTATION_COMMENTS = YES;
				CLANG_WARN_EMPTY_BODY = YES;
				CLANG_WARN_ENUM_CONVERSION = YES;
				CLANG_WARN_INFINITE_RECURSION = YES;
				CLANG_WARN_INT_CONVERSION = YES;
				CLANG_WARN_NON_LITERAL_NULL_CONVERSION = YES;
				CLANG_WARN_OBJC_IMPLICIT_RETAIN_SELF = YES;
				CLANG_WARN_OBJC_LITERAL_CONVERSION = YES;
				CLANG_WARN_OBJC_ROOT_CLASS = YES_ERROR;
				CLANG_WARN_QUOTED_INCLUDE_IN_FRAMEWORK_HEADER = YES;
				CLANG_WARN_RANGE_LOOP_ANALYSIS = YES;
				CLANG_WARN_STRICT_PROTOTYPES = YES;
				CLANG_WARN_SUSPICIOUS_MOVE = YES;
				CLANG_WARN_UNGUARDED_AVAILABILITY = YES_AGGRESSIVE;
				CLANG_WARN_UNREACHABLE_CODE = YES;
				CLANG_WARN__DUPLICATE_METHOD_MATCH = YES;
				COPY_PHASE_STRIP = NO;
				DEBUG_INFORMATION_FORMAT = "dwarf-with-dsym";
				ENABLE_NS_ASSERTIONS = NO;
				ENABLE_STRICT_OBJC_MSGSEND = YES;
				GCC_C_LANGUAGE_STANDARD = gnu11;
				GCC_NO_COMMON_BLOCKS = YES;
				GCC_WARN_64_TO_32_BIT_CONVERSION = YES;
				GCC_WARN_ABOUT_RETURN_TYPE = YES_ERROR;
				GCC_WARN_UNDECLARED_SELECTOR = YES;
				GCC_WARN_UNINITIALIZED_AUTOS = YES_AGGRESSIVE;
				GCC_WARN_UNUSED_FUNCTION = YES;
				GCC_WARN_UNUSED_VARIABLE = YES;
				IPHONEOS_DEPLOYMENT_TARGET = 15.5;
				MTL_ENABLE_DEBUG_INFO = NO;
				MTL_FAST_MATH = YES;
				SDKROOT = iphoneos;
				SWIFT_COMPILATION_MODE = wholemodule;
				SWIFT_OPTIMIZATION_LEVEL = "-O";
				VALIDATE_PRODUCT = YES;
			};
			name = Release;
		};
		0E6C5A3528BD505F00B229FB /* Debug */ = {
			isa = XCBuildConfiguration;
			buildSettings = {
				ASSETCATALOG_COMPILER_APPICON_NAME = AppIcon;
				ASSETCATALOG_COMPILER_GLOBAL_ACCENT_COLOR_NAME = AccentColor;
				CODE_SIGN_STYLE = Automatic;
				CURRENT_PROJECT_VERSION = 1;
				GENERATE_INFOPLIST_FILE = YES;
				INFOPLIST_FILE = prework/Info.plist;
				INFOPLIST_KEY_UIApplicationSupportsIndirectInputEvents = YES;
				INFOPLIST_KEY_UILaunchStoryboardName = LaunchScreen;
				INFOPLIST_KEY_UIMainStoryboardFile = Main;
				INFOPLIST_KEY_UISupportedInterfaceOrientations_iPad = "UIInterfaceOrientationPortrait UIInterfaceOrientationPortraitUpsideDown UIInterfaceOrientationLandscapeLeft UIInterfaceOrientationLandscapeRight";
				INFOPLIST_KEY_UISupportedInterfaceOrientations_iPhone = "UIInterfaceOrientationPortrait UIInterfaceOrientationLandscapeLeft UIInterfaceOrientationLandscapeRight";
				LD_RUNPATH_SEARCH_PATHS = (
					"$(inherited)",
					"@executable_path/Frameworks",
				);
				MARKETING_VERSION = 1.0;
				PRODUCT_BUNDLE_IDENTIFIER = memo.com.prework;
				PRODUCT_NAME = "$(TARGET_NAME)";
				SWIFT_EMIT_LOC_STRINGS = YES;
				SWIFT_VERSION = 5.0;
				TARGETED_DEVICE_FAMILY = "1,2";
			};
			name = Debug;
		};
		0E6C5A3628BD505F00B229FB /* Release */ = {
			isa = XCBuildConfiguration;
			buildSettings = {
				ASSETCATALOG_COMPILER_APPICON_NAME = AppIcon;
				ASSETCATALOG_COMPILER_GLOBAL_ACCENT_COLOR_NAME = AccentColor;
				CODE_SIGN_STYLE = Automatic;
				CURRENT_PROJECT_VERSION = 1;
				GENERATE_INFOPLIST_FILE = YES;
				INFOPLIST_FILE = prework/Info.plist;
				INFOPLIST_KEY_UIApplicationSupportsIndirectInputEvents = YES;
				INFOPLIST_KEY_UILaunchStoryboardName = LaunchScreen;
				INFOPLIST_KEY_UIMainStoryboardFile = Main;
				INFOPLIST_KEY_UISupportedInterfaceOrientations_iPad = "UIInterfaceOrientationPortrait UIInterfaceOrientationPortraitUpsideDown UIInterfaceOrientationLandscapeLeft UIInterfaceOrientationLandscapeRight";
				INFOPLIST_KEY_UISupportedInterfaceOrientations_iPhone = "UIInterfaceOrientationPortrait UIInterfaceOrientationLandscapeLeft UIInterfaceOrientationLandscapeRight";
				LD_RUNPATH_SEARCH_PATHS = (
					"$(inherited)",
					"@executable_path/Frameworks",
				);
				MARKETING_VERSION = 1.0;
				PRODUCT_BUNDLE_IDENTIFIER = memo.com.prework;
				PRODUCT_NAME = "$(TARGET_NAME)";
				SWIFT_EMIT_LOC_STRINGS = YES;
				SWIFT_VERSION = 5.0;
				TARGETED_DEVICE_FAMILY = "1,2";
			};
			name = Release;
		};
		0E6C5A3828BD505F00B229FB /* Debug */ = {
			isa = XCBuildConfiguration;
			buildSettings = {
				ALWAYS_EMBED_SWIFT_STANDARD_LIBRARIES = YES;
				BUNDLE_LOADER = "$(TEST_HOST)";
				CODE_SIGN_STYLE = Automatic;
				CURRENT_PROJECT_VERSION = 1;
				GENERATE_INFOPLIST_FILE = YES;
				IPHONEOS_DEPLOYMENT_TARGET = 15.5;
				MARKETING_VERSION = 1.0;
				PRODUCT_BUNDLE_IDENTIFIER = memo.com.preworkTests;
				PRODUCT_NAME = "$(TARGET_NAME)";
				SWIFT_EMIT_LOC_STRINGS = NO;
				SWIFT_VERSION = 5.0;
				TARGETED_DEVICE_FAMILY = "1,2";
				TEST_HOST = "$(BUILT_PRODUCTS_DIR)/prework.app/prework";
			};
			name = Debug;
		};
		0E6C5A3928BD505F00B229FB /* Release */ = {
			isa = XCBuildConfiguration;
			buildSettings = {
				ALWAYS_EMBED_SWIFT_STANDARD_LIBRARIES = YES;
				BUNDLE_LOADER = "$(TEST_HOST)";
				CODE_SIGN_STYLE = Automatic;
				CURRENT_PROJECT_VERSION = 1;
				GENERATE_INFOPLIST_FILE = YES;
				IPHONEOS_DEPLOYMENT_TARGET = 15.5;
				MARKETING_VERSION = 1.0;
				PRODUCT_BUNDLE_IDENTIFIER = memo.com.preworkTests;
				PRODUCT_NAME = "$(TARGET_NAME)";
				SWIFT_EMIT_LOC_STRINGS = NO;
				SWIFT_VERSION = 5.0;
				TARGETED_DEVICE_FAMILY = "1,2";
				TEST_HOST = "$(BUILT_PRODUCTS_DIR)/prework.app/prework";
			};
			name = Release;
		};
		0E6C5A3B28BD505F00B229FB /* Debug */ = {
			isa = XCBuildConfiguration;
			buildSettings = {
				ALWAYS_EMBED_SWIFT_STANDARD_LIBRARIES = YES;
				CODE_SIGN_STYLE = Automatic;
				CURRENT_PROJECT_VERSION = 1;
				GENERATE_INFOPLIST_FILE = YES;
				MARKETING_VERSION = 1.0;
				PRODUCT_BUNDLE_IDENTIFIER = memo.com.preworkUITests;
				PRODUCT_NAME = "$(TARGET_NAME)";
				SWIFT_EMIT_LOC_STRINGS = NO;
				SWIFT_VERSION = 5.0;
				TARGETED_DEVICE_FAMILY = "1,2";
				TEST_TARGET_NAME = prework;
			};
			name = Debug;
		};
		0E6C5A3C28BD505F00B229FB /* Release */ = {
			isa = XCBuildConfiguration;
			buildSettings = {
				ALWAYS_EMBED_SWIFT_STANDARD_LIBRARIES = YES;
				CODE_SIGN_STYLE = Automatic;
				CURRENT_PROJECT_VERSION = 1;
				GENERATE_INFOPLIST_FILE = YES;
				MARKETING_VERSION = 1.0;
				PRODUCT_BUNDLE_IDENTIFIER = memo.com.preworkUITests;
				PRODUCT_NAME = "$(TARGET_NAME)";
				SWIFT_EMIT_LOC_STRINGS = NO;
				SWIFT_VERSION = 5.0;
				TARGETED_DEVICE_FAMILY = "1,2";
				TEST_TARGET_NAME = prework;
			};
			name = Release;
		};
/* End XCBuildConfiguration section */

/* Begin XCConfigurationList section */
		0E6C5A0528BD505800B229FB /* Build configuration list for PBXProject "prework" */ = {
			isa = XCConfigurationList;
			buildConfigurations = (
				0E6C5A3228BD505F00B229FB /* Debug */,
				0E6C5A3328BD505F00B229FB /* Release */,
			);
			defaultConfigurationIsVisible = 0;
			defaultConfigurationName = Release;
		};
		0E6C5A3428BD505F00B229FB /* Build configuration list for PBXNativeTarget "prework" */ = {
			isa = XCConfigurationList;
			buildConfigurations = (
				0E6C5A3528BD505F00B229FB /* Debug */,
				0E6C5A3628BD505F00B229FB /* Release */,
			);
			defaultConfigurationIsVisible = 0;
			defaultConfigurationName = Release;
		};
		0E6C5A3728BD505F00B229FB /* Build configuration list for PBXNativeTarget "preworkTests" */ = {
			isa = XCConfigurationList;
			buildConfigurations = (
				0E6C5A3828BD505F00B229FB /* Debug */,
				0E6C5A3928BD505F00B229FB /* Release */,
			);
			defaultConfigurationIsVisible = 0;
			defaultConfigurationName = Release;
		};
		0E6C5A3A28BD505F00B229FB /* Build configuration list for PBXNativeTarget "preworkUITests" */ = {
			isa = XCConfigurationList;
			buildConfigurations = (
				0E6C5A3B28BD505F00B229FB /* Debug */,
				0E6C5A3C28BD505F00B229FB /* Release */,
			);
			defaultConfigurationIsVisible = 0;
			defaultConfigurationName = Release;
		};
/* End XCConfigurationList section */
	};
	rootObject = 0E6C5A0228BD505800B229FB /* Project object */;
}
